
Microsoft Visual Studio Solution File, Format Version 12.00
# Visual Studio Version 17
VisualStudioVersion = 17.8.34330.188
MinimumVisualStudioVersion = 10.0.40219.1
Project("{FAE04EC0-301F-11D3-BF4B-00C04F79EFBC}") = "MvcEfTurkiye", "MvcEfTurkiye\MvcEfTurkiye.csproj", "{1CB677B3-6ACE-42A2-AE4A-B91163194EFF}"
EndProject
Global
	GlobalSection(SolutionConfigurationPlatforms) = preSolution
		Debug|Any CPU = Debug|Any CPU
		Release|Any CPU = Release|Any CPU
	EndGlobalSection
	GlobalSection(ProjectConfigurationPlatforms) = postSolution
		{1CB677B3-6ACE-42A2-AE4A-B91163194EFF}.Debug|Any CPU.ActiveCfg = Debug|Any CPU
		{1CB677B3-6ACE-42A2-AE4A-B91163194EFF}.Debug|Any CPU.Build.0 = Debug|Any CPU
		{1CB677B3-6ACE-42A2-AE4A-B91163194EFF}.Release|Any CPU.ActiveCfg = Release|Any CPU
		{1CB677B3-6ACE-42A2-AE4A-B91163194EFF}.Release|Any CPU.Build.0 = Release|Any CPU
	EndGlobalSection
	GlobalSection(SolutionProperties) = preSolution
		HideSolutionNode = FALSE
	EndGlobalSection
	GlobalSection(ExtensibilityGlobals) = postSolution
		SolutionGuid = {2EE88548-962D-4073-9F81-3487BC115CE6}
	EndGlobalSection
EndGlobal
